
Microsoft Visual Studio Solution File, Format Version 12.00
# Visual Studio 15
VisualStudioVersion = 15.0.27130.2010
MinimumVisualStudioVersion = 10.0.40219.1
Project("{FAE04EC0-301F-11D3-BF4B-00C04F79EFBC}") = "XF.MVVMBasic.Android", "XF.MVVMBasic\XF.MVVMBasic.Android\XF.MVVMBasic.Android.csproj", "{B7B9CE91-22B0-4B1B-A5A9-6ADD5F54A981}"
EndProject
Project("{FAE04EC0-301F-11D3-BF4B-00C04F79EFBC}") = "XF.MVVMBasic.iOS", "XF.MVVMBasic\XF.MVVMBasic.iOS\XF.MVVMBasic.iOS.csproj", "{53D30F33-2794-499C-B2AF-CE64EFF2FBEB}"
EndProject
Project("{FAE04EC0-301F-11D3-BF4B-00C04F79EFBC}") = "XF.MVVMBasic.UWP", "XF.MVVMBasic\XF.MVVMBasic.UWP\XF.MVVMBasic.UWP.csproj", "{A2F484AD-6490-4CBB-A66F-F292CC0B27D2}"
EndProject
Project("{FAE04EC0-301F-11D3-BF4B-00C04F79EFBC}") = "XF.MVVMBasic", "XF.MVVMBasic\XF.MVVMBasic\XF.MVVMBasic.csproj", "{52F79452-2942-4A48-9443-AA23559A091E}"
EndProject
Global
	GlobalSection(SolutionConfigurationPlatforms) = preSolution
		Ad-Hoc|Any CPU = Ad-Hoc|Any CPU
		Ad-Hoc|ARM = Ad-Hoc|ARM
		Ad-Hoc|iPhone = Ad-Hoc|iPhone
		Ad-Hoc|iPhoneSimulator = Ad-Hoc|iPhoneSimulator
		Ad-Hoc|x64 = Ad-Hoc|x64
		Ad-Hoc|x86 = Ad-Hoc|x86
		AppStore|Any CPU = AppStore|Any CPU
		AppStore|ARM = AppStore|ARM
		AppStore|iPhone = AppStore|iPhone
		AppStore|iPhoneSimulator = AppStore|iPhoneSimulator
		AppStore|x64 = AppStore|x64
		AppStore|x86 = AppStore|x86
		Debug|Any CPU = Debug|Any CPU
		Debug|ARM = Debug|ARM
		Debug|iPhone = Debug|iPhone
		Debug|iPhoneSimulator = Debug|iPhoneSimulator
		Debug|x64 = Debug|x64
		Debug|x86 = Debug|x86
		Release|Any CPU = Release|Any CPU
		Release|ARM = Release|ARM
		Release|iPhone = Release|iPhone
		Release|iPhoneSimulator = Release|iPhoneSimulator
		Release|x64 = Release|x64
		Release|x86 = Release|x86
	EndGlobalSection
	GlobalSection(ProjectConfigurationPlatforms) = postSolution
		{B7B9CE91-22B0-4B1B-A5A9-6ADD5F54A981}.Ad-Hoc|Any CPU.ActiveCfg = Release|Any CPU
		{B7B9CE91-22B0-4B1B-A5A9-6ADD5F54A981}.Ad-Hoc|Any CPU.Build.0 = Release|Any CPU
		{B7B9CE91-22B0-4B1B-A5A9-6ADD5F54A981}.Ad-Hoc|Any CPU.Deploy.0 = Release|Any CPU
		{B7B9CE91-22B0-4B1B-A5A9-6ADD5F54A981}.Ad-Hoc|ARM.ActiveCfg = Release|Any CPU
		{B7B9CE91-22B0-4B1B-A5A9-6ADD5F54A981}.Ad-Hoc|ARM.Build.0 = Release|Any CPU
		{B7B9CE91-22B0-4B1B-A5A9-6ADD5F54A981}.Ad-Hoc|ARM.Deploy.0 = Release|Any CPU
		{B7B9CE91-22B0-4B1B-A5A9-6ADD5F54A981}.Ad-Hoc|iPhone.ActiveCfg = Release|Any CPU
		{B7B9CE91-22B0-4B1B-A5A9-6ADD5F54A981}.Ad-Hoc|iPhone.Build.0 = Release|Any CPU
		{B7B9CE91-22B0-4B1B-A5A9-6ADD5F54A981}.Ad-Hoc|iPhone.Deploy.0 = Release|Any CPU
		{B7B9CE91-22B0-4B1B-A5A9-6ADD5F54A981}.Ad-Hoc|iPhoneSimulator.ActiveCfg = Release|Any CPU
		{B7B9CE91-22B0-4B1B-A5A9-6ADD5F54A981}.Ad-Hoc|iPhoneSimulator.Build.0 = Release|Any CPU
		{B7B9CE91-22B0-4B1B-A5A9-6ADD5F54A981}.Ad-Hoc|iPhoneSimulator.Deploy.0 = Release|Any CPU
		{B7B9CE91-22B0-4B1B-A5A9-6ADD5F54A981}.Ad-Hoc|x64.ActiveCfg = Release|Any CPU
		{B7B9CE91-22B0-4B1B-A5A9-6ADD5F54A981}.Ad-Hoc|x64.Build.0 = Release|Any CPU
		{B7B9CE91-22B0-4B1B-A5A9-6ADD5F54A981}.Ad-Hoc|x64.Deploy.0 = Release|Any CPU
		{B7B9CE91-22B0-4B1B-A5A9-6ADD5F54A981}.Ad-Hoc|x86.ActiveCfg = Release|Any CPU
		{B7B9CE91-22B0-4B1B-A5A9-6ADD5F54A981}.Ad-Hoc|x86.Build.0 = Release|Any CPU
		{B7B9CE91-22B0-4B1B-A5A9-6ADD5F54A981}.Ad-Hoc|x86.Deploy.0 = Release|Any CPU
		{B7B9CE91-22B0-4B1B-A5A9-6ADD5F54A981}.AppStore|Any CPU.ActiveCfg = Release|Any CPU
		{B7B9CE91-22B0-4B1B-A5A9-6ADD5F54A981}.AppStore|Any CPU.Build.0 = Release|Any CPU
		{B7B9CE91-22B0-4B1B-A5A9-6ADD5F54A981}.AppStore|Any CPU.Deploy.0 = Release|Any CPU
		{B7B9CE91-22B0-4B1B-A5A9-6ADD5F54A981}.AppStore|ARM.ActiveCfg = Release|Any CPU
		{B7B9CE91-22B0-4B1B-A5A9-6ADD5F54A981}.AppStore|ARM.Build.0 = Release|Any CPU
		{B7B9CE91-22B0-4B1B-A5A9-6ADD5F54A981}.AppStore|ARM.Deploy.0 = Release|Any CPU
		{B7B9CE91-22B0-4B1B-A5A9-6ADD5F54A981}.AppStore|iPhone.ActiveCfg = Release|Any CPU
		{B7B9CE91-22B0-4B1B-A5A9-6ADD5F54A981}.AppStore|iPhone.Build.0 = Release|Any CPU
		{B7B9CE91-22B0-4B1B-A5A9-6ADD5F54A981}.AppStore|iPhone.Deploy.0 = Release|Any CPU
		{B7B9CE91-22B0-4B1B-A5A9-6ADD5F54A981}.AppStore|iPhoneSimulator.ActiveCfg = Release|Any CPU
		{B7B9CE91-22B0-4B1B-A5A9-6ADD5F54A981}.AppStore|iPhoneSimulator.Build.0 = Release|Any CPU
		{B7B9CE91-22B0-4B1B-A5A9-6ADD5F54A981}.AppStore|iPhoneSimulator.Deploy.0 = Release|Any CPU
		{B7B9CE91-22B0-4B1B-A5A9-6ADD5F54A981}.AppStore|x64.ActiveCfg = Release|Any CPU
		{B7B9CE91-22B0-4B1B-A5A9-6ADD5F54A981}.AppStore|x64.Build.0 = Release|Any CPU
		{B7B9CE91-22B0-4B1B-A5A9-6ADD5F54A981}.AppStore|x64.Deploy.0 = Release|Any CPU
		{B7B9CE91-22B0-4B1B-A5A9-6ADD5F54A981}.AppStore|x86.ActiveCfg = Release|Any CPU
		{B7B9CE91-22B0-4B1B-A5A9-6ADD5F54A981}.AppStore|x86.Build.0 = Release|Any CPU
		{B7B9CE91-22B0-4B1B-A5A9-6ADD5F54A981}.AppStore|x86.Deploy.0 = Release|Any CPU
		{B7B9CE91-22B0-4B1B-A5A9-6ADD5F54A981}.Debug|Any CPU.ActiveCfg = Debug|Any CPU
		{B7B9CE91-22B0-4B1B-A5A9-6ADD5F54A981}.Debug|Any CPU.Build.0 = Debug|Any CPU
		{B7B9CE91-22B0-4B1B-A5A9-6ADD5F54A981}.Debug|Any CPU.Deploy.0 = Debug|Any CPU
		{B7B9CE91-22B0-4B1B-A5A9-6ADD5F54A981}.Debug|ARM.ActiveCfg = Debug|Any CPU
		{B7B9CE91-22B0-4B1B-A5A9-6ADD5F54A981}.Debug|ARM.Build.0 = Debug|Any CPU
		{B7B9CE91-22B0-4B1B-A5A9-6ADD5F54A981}.Debug|ARM.Deploy.0 = Debug|Any CPU
		{B7B9CE91-22B0-4B1B-A5A9-6ADD5F54A981}.Debug|iPhone.ActiveCfg = Debug|Any CPU
		{B7B9CE91-22B0-4B1B-A5A9-6ADD5F54A981}.Debug|iPhone.Build.0 = Debug|Any CPU
		{B7B9CE91-22B0-4B1B-A5A9-6ADD5F54A981}.Debug|iPhone.Deploy.0 = Debug|Any CPU
		{B7B9CE91-22B0-4B1B-A5A9-6ADD5F54A981}.Debug|iPhoneSimulator.ActiveCfg = Debug|Any CPU
		{B7B9CE91-22B0-4B1B-A5A9-6ADD5F54A981}.Debug|iPhoneSimulator.Build.0 = Debug|Any CPU
		{B7B9CE91-22B0-4B1B-A5A9-6ADD5F54A981}.Debug|iPhoneSimulator.Deploy.0 = Debug|Any CPU
		{B7B9CE91-22B0-4B1B-A5A9-6ADD5F54A981}.Debug|x64.ActiveCfg = Debug|Any CPU
		{B7B9CE91-22B0-4B1B-A5A9-6ADD5F54A981}.Debug|x64.Build.0 = Debug|Any CPU
		{B7B9CE91-22B0-4B1B-A5A9-6ADD5F54A981}.Debug|x64.Deploy.0 = Debug|Any CPU
		{B7B9CE91-22B0-4B1B-A5A9-6ADD5F54A981}.Debug|x86.ActiveCfg = Debug|Any CPU
		{B7B9CE91-22B0-4B1B-A5A9-6ADD5F54A981}.Debug|x86.Build.0 = Debug|Any CPU
		{B7B9CE91-22B0-4B1B-A5A9-6ADD5F54A981}.Debug|x86.Deploy.0 = Debug|Any CPU
		{B7B9CE91-22B0-4B1B-A5A9-6ADD5F54A981}.Release|Any CPU.ActiveCfg = Release|Any CPU
		{B7B9CE91-22B0-4B1B-A5A9-6ADD5F54A981}.Release|Any CPU.Build.0 = Release|Any CPU
		{B7B9CE91-22B0-4B1B-A5A9-6ADD5F54A981}.Release|Any CPU.Deploy.0 = Release|Any CPU
		{B7B9CE91-22B0-4B1B-A5A9-6ADD5F54A981}.Release|ARM.ActiveCfg = Release|Any CPU
		{B7B9CE91-22B0-4B1B-A5A9-6ADD5F54A981}.Release|ARM.Build.0 = Release|Any CPU
		{B7B9CE91-22B0-4B1B-A5A9-6ADD5F54A981}.Release|ARM.Deploy.0 = Release|Any CPU
		{B7B9CE91-22B0-4B1B-A5A9-6ADD5F54A981}.Release|iPhone.ActiveCfg = Release|Any CPU
		{B7B9CE91-22B0-4B1B-A5A9-6ADD5F54A981}.Release|iPhone.Build.0 = Release|Any CPU
		{B7B9CE91-22B0-4B1B-A5A9-6ADD5F54A981}.Release|iPhone.Deploy.0 = Release|Any CPU
		{B7B9CE91-22B0-4B1B-A5A9-6ADD5F54A981}.Release|iPhoneSimulator.ActiveCfg = Release|Any CPU
		{B7B9CE91-22B0-4B1B-A5A9-6ADD5F54A981}.Release|iPhoneSimulator.Build.0 = Release|Any CPU
		{B7B9CE91-22B0-4B1B-A5A9-6ADD5F54A981}.Release|iPhoneSimulator.Deploy.0 = Release|Any CPU
		{B7B9CE91-22B0-4B1B-A5A9-6ADD5F54A981}.Release|x64.ActiveCfg = Release|Any CPU
		{B7B9CE91-22B0-4B1B-A5A9-6ADD5F54A981}.Release|x64.Build.0 = Release|Any CPU
		{B7B9CE91-22B0-4B1B-A5A9-6ADD5F54A981}.Release|x64.Deploy.0 = Release|Any CPU
		{B7B9CE91-22B0-4B1B-A5A9-6ADD5F54A981}.Release|x86.ActiveCfg = Release|Any CPU
		{B7B9CE91-22B0-4B1B-A5A9-6ADD5F54A981}.Release|x86.Build.0 = Release|Any CPU
		{B7B9CE91-22B0-4B1B-A5A9-6ADD5F54A981}.Release|x86.Deploy.0 = Release|Any CPU
		{53D30F33-2794-499C-B2AF-CE64EFF2FBEB}.Ad-Hoc|Any CPU.ActiveCfg = Ad-Hoc|iPhone
		{53D30F33-2794-499C-B2AF-CE64EFF2FBEB}.Ad-Hoc|ARM.ActiveCfg = Ad-Hoc|iPhone
		{53D30F33-2794-499C-B2AF-CE64EFF2FBEB}.Ad-Hoc|iPhone.ActiveCfg = Ad-Hoc|iPhone
		{53D30F33-2794-499C-B2AF-CE64EFF2FBEB}.Ad-Hoc|iPhone.Build.0 = Ad-Hoc|iPhone
		{53D30F33-2794-499C-B2AF-CE64EFF2FBEB}.Ad-Hoc|iPhoneSimulator.ActiveCfg = Ad-Hoc|iPhoneSimulator
		{53D30F33-2794-499C-B2AF-CE64EFF2FBEB}.Ad-Hoc|iPhoneSimulator.Build.0 = Ad-Hoc|iPhoneSimulator
		{53D30F33-2794-499C-B2AF-CE64EFF2FBEB}.Ad-Hoc|x64.ActiveCfg = Ad-Hoc|iPhone
		{53D30F33-2794-499C-B2AF-CE64EFF2FBEB}.Ad-Hoc|x86.ActiveCfg = Ad-Hoc|iPhone
		{53D30F33-2794-499C-B2AF-CE64EFF2FBEB}.AppStore|Any CPU.ActiveCfg = AppStore|iPhone
		{53D30F33-2794-499C-B2AF-CE64EFF2FBEB}.AppStore|ARM.ActiveCfg = AppStore|iPhone
		{53D30F33-2794-499C-B2AF-CE64EFF2FBEB}.AppStore|iPhone.ActiveCfg = AppStore|iPhone
		{53D30F33-2794-499C-B2AF-CE64EFF2FBEB}.AppStore|iPhone.Build.0 = AppStore|iPhone
		{53D30F33-2794-499C-B2AF-CE64EFF2FBEB}.AppStore|iPhoneSimulator.ActiveCfg = AppStore|iPhoneSimulator
		{53D30F33-2794-499C-B2AF-CE64EFF2FBEB}.AppStore|iPhoneSimulator.Build.0 = AppStore|iPhoneSimulator
		{53D30F33-2794-499C-B2AF-CE64EFF2FBEB}.AppStore|x64.ActiveCfg = AppStore|iPhone
		{53D30F33-2794-499C-B2AF-CE64EFF2FBEB}.AppStore|x86.ActiveCfg = AppStore|iPhone
		{53D30F33-2794-499C-B2AF-CE64EFF2FBEB}.Debug|Any CPU.ActiveCfg = Debug|iPhone
		{53D30F33-2794-499C-B2AF-CE64EFF2FBEB}.Debug|ARM.ActiveCfg = Debug|iPhone
		{53D30F33-2794-499C-B2AF-CE64EFF2FBEB}.Debug|iPhone.ActiveCfg = Debug|iPhone
		{53D30F33-2794-499C-B2AF-CE64EFF2FBEB}.Debug|iPhone.Build.0 = Debug|iPhone
		{53D30F33-2794-499C-B2AF-CE64EFF2FBEB}.Debug|iPhoneSimulator.ActiveCfg = Debug|iPhoneSimulator
		{53D30F33-2794-499C-B2AF-CE64EFF2FBEB}.Debug|iPhoneSimulator.Build.0 = Debug|iPhoneSimulator
		{53D30F33-2794-499C-B2AF-CE64EFF2FBEB}.Debug|x64.ActiveCfg = Debug|iPhone
		{53D30F33-2794-499C-B2AF-CE64EFF2FBEB}.Debug|x86.ActiveCfg = Debug|iPhone
		{53D30F33-2794-499C-B2AF-CE64EFF2FBEB}.Release|Any CPU.ActiveCfg = Release|iPhone
		{53D30F33-2794-499C-B2AF-CE64EFF2FBEB}.Release|ARM.ActiveCfg = Release|iPhone
		{53D30F33-2794-499C-B2AF-CE64EFF2FBEB}.Release|iPhone.ActiveCfg = Release|iPhone
		{53D30F33-2794-499C-B2AF-CE64EFF2FBEB}.Release|iPhone.Build.0 = Release|iPhone
		{53D30F33-2794-499C-B2AF-CE64EFF2FBEB}.Release|iPhoneSimulator.ActiveCfg = Release|iPhoneSimulator
		{53D30F33-2794-499C-B2AF-CE64EFF2FBEB}.Release|iPhoneSimulator.Build.0 = Release|iPhoneSimulator
		{53D30F33-2794-499C-B2AF-CE64EFF2FBEB}.Release|x64.ActiveCfg = Release|iPhone
		{53D30F33-2794-499C-B2AF-CE64EFF2FBEB}.Release|x86.ActiveCfg = Release|iPhone
		{A2F484AD-6490-4CBB-A66F-F292CC0B27D2}.Ad-Hoc|Any CPU.ActiveCfg = Release|x86
		{A2F484AD-6490-4CBB-A66F-F292CC0B27D2}.Ad-Hoc|Any CPU.Build.0 = Release|x86
		{A2F484AD-6490-4CBB-A66F-F292CC0B27D2}.Ad-Hoc|Any CPU.Deploy.0 = Release|x86
		{A2F484AD-6490-4CBB-A66F-F292CC0B27D2}.Ad-Hoc|ARM.ActiveCfg = Release|ARM
		{A2F484AD-6490-4CBB-A66F-F292CC0B27D2}.Ad-Hoc|ARM.Build.0 = Release|ARM
		{A2F484AD-6490-4CBB-A66F-F292CC0B27D2}.Ad-Hoc|ARM.Deploy.0 = Release|ARM
		{A2F484AD-6490-4CBB-A66F-F292CC0B27D2}.Ad-Hoc|iPhone.ActiveCfg = Release|x86
		{A2F484AD-6490-4CBB-A66F-F292CC0B27D2}.Ad-Hoc|iPhone.Build.0 = Release|x86
		{A2F484AD-6490-4CBB-A66F-F292CC0B27D2}.Ad-Hoc|iPhone.Deploy.0 = Release|x86
		{A2F484AD-6490-4CBB-A66F-F292CC0B27D2}.Ad-Hoc|iPhoneSimulator.ActiveCfg = Release|x86
		{A2F484AD-6490-4CBB-A66F-F292CC0B27D2}.Ad-Hoc|iPhoneSimulator.Build.0 = Release|x86
		{A2F484AD-6490-4CBB-A66F-F292CC0B27D2}.Ad-Hoc|iPhoneSimulator.Deploy.0 = Release|x86
		{A2F484AD-6490-4CBB-A66F-F292CC0B27D2}.Ad-Hoc|x64.ActiveCfg = Release|x64
		{A2F484AD-6490-4CBB-A66F-F292CC0B27D2}.Ad-Hoc|x64.Build.0 = Release|x64
		{A2F484AD-6490-4CBB-A66F-F292CC0B27D2}.Ad-Hoc|x64.Deploy.0 = Release|x64
		{A2F484AD-6490-4CBB-A66F-F292CC0B27D2}.Ad-Hoc|x86.ActiveCfg = Release|x86
		{A2F484AD-6490-4CBB-A66F-F292CC0B27D2}.Ad-Hoc|x86.Build.0 = Release|x86
		{A2F484AD-6490-4CBB-A66F-F292CC0B27D2}.Ad-Hoc|x86.Deploy.0 = Release|x86
		{A2F484AD-6490-4CBB-A66F-F292CC0B27D2}.AppStore|Any CPU.ActiveCfg = Release|x86
		{A2F484AD-6490-4CBB-A66F-F292CC0B27D2}.AppStore|Any CPU.Build.0 = Release|x86
		{A2F484AD-6490-4CBB-A66F-F292CC0B27D2}.AppStore|Any CPU.Deploy.0 = Release|x86
		{A2F484AD-6490-4CBB-A66F-F292CC0B27D2}.AppStore|ARM.ActiveCfg = Release|ARM
		{A2F484AD-6490-4CBB-A66F-F292CC0B27D2}.AppStore|ARM.Build.0 = Release|ARM
		{A2F484AD-6490-4CBB-A66F-F292CC0B27D2}.AppStore|ARM.Deploy.0 = Release|ARM
		{A2F484AD-6490-4CBB-A66F-F292CC0B27D2}.AppStore|iPhone.ActiveCfg = Release|x86
		{A2F484AD-6490-4CBB-A66F-F292CC0B27D2}.AppStore|iPhone.Build.0 = Release|x86
		{A2F484AD-6490-4CBB-A66F-F292CC0B27D2}.AppStore|iPhone.Deploy.0 = Release|x86
		{A2F484AD-6490-4CBB-A66F-F292CC0B27D2}.AppStore|iPhoneSimulator.ActiveCfg = Release|x86
		{A2F484AD-6490-4CBB-A66F-F292CC0B27D2}.AppStore|iPhoneSimulator.Build.0 = Release|x86
		{A2F484AD-6490-4CBB-A66F-F292CC0B27D2}.AppStore|iPhoneSimulator.Deploy.0 = Release|x86
		{A2F484AD-6490-4CBB-A66F-F292CC0B27D2}.AppStore|x64.ActiveCfg = Release|x64
		{A2F484AD-6490-4CBB-A66F-F292CC0B27D2}.AppStore|x64.Build.0 = Release|x64
		{A2F484AD-6490-4CBB-A66F-F292CC0B27D2}.AppStore|x64.Deploy.0 = Release|x64
		{A2F484AD-6490-4CBB-A66F-F292CC0B27D2}.AppStore|x86.ActiveCfg = Release|x86
		{A2F484AD-6490-4CBB-A66F-F292CC0B27D2}.AppStore|x86.Build.0 = Release|x86
		{A2F484AD-6490-4CBB-A66F-F292CC0B27D2}.AppStore|x86.Deploy.0 = Release|x86
		{A2F484AD-6490-4CBB-A66F-F292CC0B27D2}.Debug|Any CPU.ActiveCfg = Debug|x86
		{A2F484AD-6490-4CBB-A66F-F292CC0B27D2}.Debug|ARM.ActiveCfg = Debug|ARM
		{A2F484AD-6490-4CBB-A66F-F292CC0B27D2}.Debug|ARM.Build.0 = Debug|ARM
		{A2F484AD-6490-4CBB-A66F-F292CC0B27D2}.Debug|ARM.Deploy.0 = Debug|ARM
		{A2F484AD-6490-4CBB-A66F-F292CC0B27D2}.Debug|iPhone.ActiveCfg = Debug|x86
		{A2F484AD-6490-4CBB-A66F-F292CC0B27D2}.Debug|iPhoneSimulator.ActiveCfg = Debug|x86
		{A2F484AD-6490-4CBB-A66F-F292CC0B27D2}.Debug|x64.ActiveCfg = Debug|x64
		{A2F484AD-6490-4CBB-A66F-F292CC0B27D2}.Debug|x64.Build.0 = Debug|x64
		{A2F484AD-6490-4CBB-A66F-F292CC0B27D2}.Debug|x64.Deploy.0 = Debug|x64
		{A2F484AD-6490-4CBB-A66F-F292CC0B27D2}.Debug|x86.ActiveCfg = Debug|x86
		{A2F484AD-6490-4CBB-A66F-F292CC0B27D2}.Debug|x86.Build.0 = Debug|x86
		{A2F484AD-6490-4CBB-A66F-F292CC0B27D2}.Debug|x86.Deploy.0 = Debug|x86
		{A2F484AD-6490-4CBB-A66F-F292CC0B27D2}.Release|Any CPU.ActiveCfg = Release|x86
		{A2F484AD-6490-4CBB-A66F-F292CC0B27D2}.Release|ARM.ActiveCfg = Release|ARM
		{A2F484AD-6490-4CBB-A66F-F292CC0B27D2}.Release|ARM.Build.0 = Release|ARM
		{A2F484AD-6490-4CBB-A66F-F292CC0B27D2}.Release|ARM.Deploy.0 = Release|ARM
		{A2F484AD-6490-4CBB-A66F-F292CC0B27D2}.Release|iPhone.ActiveCfg = Release|x86
		{A2F484AD-6490-4CBB-A66F-F292CC0B27D2}.Release|iPhoneSimulator.ActiveCfg = Release|x86
		{A2F484AD-6490-4CBB-A66F-F292CC0B27D2}.Release|x64.ActiveCfg = Release|x64
		{A2F484AD-6490-4CBB-A66F-F292CC0B27D2}.Release|x64.Build.0 = Release|x64
		{A2F484AD-6490-4CBB-A66F-F292CC0B27D2}.Release|x64.Deploy.0 = Release|x64
		{A2F484AD-6490-4CBB-A66F-F292CC0B27D2}.Release|x86.ActiveCfg = Release|x86
		{A2F484AD-6490-4CBB-A66F-F292CC0B27D2}.Release|x86.Build.0 = Release|x86
		{A2F484AD-6490-4CBB-A66F-F292CC0B27D2}.Release|x86.Deploy.0 = Release|x86
		{52F79452-2942-4A48-9443-AA23559A091E}.Ad-Hoc|Any CPU.ActiveCfg = Debug|Any CPU
		{52F79452-2942-4A48-9443-AA23559A091E}.Ad-Hoc|Any CPU.Build.0 = Debug|Any CPU
		{52F79452-2942-4A48-9443-AA23559A091E}.Ad-Hoc|ARM.ActiveCfg = Debug|Any CPU
		{52F79452-2942-4A48-9443-AA23559A091E}.Ad-Hoc|ARM.Build.0 = Debug|Any CPU
		{52F79452-2942-4A48-9443-AA23559A091E}.Ad-Hoc|iPhone.ActiveCfg = Debug|Any CPU
		{52F79452-2942-4A48-9443-AA23559A091E}.Ad-Hoc|iPhone.Build.0 = Debug|Any CPU
		{52F79452-2942-4A48-9443-AA23559A091E}.Ad-Hoc|iPhoneSimulator.ActiveCfg = Debug|Any CPU
		{52F79452-2942-4A48-9443-AA23559A091E}.Ad-Hoc|iPhoneSimulator.Build.0 = Debug|Any CPU
		{52F79452-2942-4A48-9443-AA23559A091E}.Ad-Hoc|x64.ActiveCfg = Debug|Any CPU
		{52F79452-2942-4A48-9443-AA23559A091E}.Ad-Hoc|x64.Build.0 = Debug|Any CPU
		{52F79452-2942-4A48-9443-AA23559A091E}.Ad-Hoc|x86.ActiveCfg = Debug|Any CPU
		{52F79452-2942-4A48-9443-AA23559A091E}.Ad-Hoc|x86.Build.0 = Debug|Any CPU
		{52F79452-2942-4A48-9443-AA23559A091E}.AppStore|Any CPU.ActiveCfg = Debug|Any CPU
		{52F79452-2942-4A48-9443-AA23559A091E}.AppStore|Any CPU.Build.0 = Debug|Any CPU
		{52F79452-2942-4A48-9443-AA23559A091E}.AppStore|ARM.ActiveCfg = Debug|Any CPU
		{52F79452-2942-4A48-9443-AA23559A091E}.AppStore|ARM.Build.0 = Debug|Any CPU
		{52F79452-2942-4A48-9443-AA23559A091E}.AppStore|iPhone.ActiveCfg = Debug|Any CPU
		{52F79452-2942-4A48-9443-AA23559A091E}.AppStore|iPhone.Build.0 = Debug|Any CPU
		{52F79452-2942-4A48-9443-AA23559A091E}.AppStore|iPhoneSimulator.ActiveCfg = Debug|Any CPU
		{52F79452-2942-4A48-9443-AA23559A091E}.AppStore|iPhoneSimulator.Build.0 = Debug|Any CPU
		{52F79452-2942-4A48-9443-AA23559A091E}.AppStore|x64.ActiveCfg = Debug|Any CPU
		{52F79452-2942-4A48-9443-AA23559A091E}.AppStore|x64.Build.0 = Debug|Any CPU
		{52F79452-2942-4A48-9443-AA23559A091E}.AppStore|x86.ActiveCfg = Debug|Any CPU
		{52F79452-2942-4A48-9443-AA23559A091E}.AppStore|x86.Build.0 = Debug|Any CPU
		{52F79452-2942-4A48-9443-AA23559A091E}.Debug|Any CPU.ActiveCfg = Debug|Any CPU
		{52F79452-2942-4A48-9443-AA23559A091E}.Debug|Any CPU.Build.0 = Debug|Any CPU
		{52F79452-2942-4A48-9443-AA23559A091E}.Debug|ARM.ActiveCfg = Debug|Any CPU
		{52F79452-2942-4A48-9443-AA23559A091E}.Debug|ARM.Build.0 = Debug|Any CPU
		{52F79452-2942-4A48-9443-AA23559A091E}.Debug|iPhone.ActiveCfg = Debug|Any CPU
		{52F79452-2942-4A48-9443-AA23559A091E}.Debug|iPhone.Build.0 = Debug|Any CPU
		{52F79452-2942-4A48-9443-AA23559A091E}.Debug|iPhoneSimulator.ActiveCfg = Debug|Any CPU
		{52F79452-2942-4A48-9443-AA23559A091E}.Debug|iPhoneSimulator.Build.0 = Debug|Any CPU
		{52F79452-2942-4A48-9443-AA23559A091E}.Debug|x64.ActiveCfg = Debug|Any CPU
		{52F79452-2942-4A48-9443-AA23559A091E}.Debug|x64.Build.0 = Debug|Any CPU
		{52F79452-2942-4A48-9443-AA23559A091E}.Debug|x86.ActiveCfg = Debug|Any CPU
		{52F79452-2942-4A48-9443-AA23559A091E}.Debug|x86.Build.0 = Debug|Any CPU
		{52F79452-2942-4A48-9443-AA23559A091E}.Release|Any CPU.ActiveCfg = Release|Any CPU
		{52F79452-2942-4A48-9443-AA23559A091E}.Release|Any CPU.Build.0 = Release|Any CPU
		{52F79452-2942-4A48-9443-AA23559A091E}.Release|ARM.ActiveCfg = Release|Any CPU
		{52F79452-2942-4A48-9443-AA23559A091E}.Release|ARM.Build.0 = Release|Any CPU
		{52F79452-2942-4A48-9443-AA23559A091E}.Release|iPhone.ActiveCfg = Release|Any CPU
		{52F79452-2942-4A48-9443-AA23559A091E}.Release|iPhone.Build.0 = Release|Any CPU
		{52F79452-2942-4A48-9443-AA23559A091E}.Release|iPhoneSimulator.ActiveCfg = Release|Any CPU
		{52F79452-2942-4A48-9443-AA23559A091E}.Release|iPhoneSimulator.Build.0 = Release|Any CPU
		{52F79452-2942-4A48-9443-AA23559A091E}.Release|x64.ActiveCfg = Release|Any CPU
		{52F79452-2942-4A48-9443-AA23559A091E}.Release|x64.Build.0 = Release|Any CPU
		{52F79452-2942-4A48-9443-AA23559A091E}.Release|x86.ActiveCfg = Release|Any CPU
		{52F79452-2942-4A48-9443-AA23559A091E}.Release|x86.Build.0 = Release|Any CPU
	EndGlobalSection
	GlobalSection(SolutionProperties) = preSolution
		HideSolutionNode = FALSE
	EndGlobalSection
	GlobalSection(ExtensibilityGlobals) = postSolution
		SolutionGuid = {248E4804-17BD-421A-99A0-F7A9EDAAEE49}
	EndGlobalSection
EndGlobal
